
Microsoft Visual Studio Solution File, Format Version 12.00
# Visual Studio Version 16
VisualStudioVersion = 16.0.28803.352
MinimumVisualStudioVersion = 10.0.40219.1
Project("{FAE04EC0-301F-11D3-BF4B-00C04F79EFBC}") = "WebMyWorldEC", "WebMyWorldEC\WebMyWorldEC.csproj", "{C2905015-E132-429A-ACB8-972162C34B24}"
EndProject
Global
	GlobalSection(SolutionConfigurationPlatforms) = preSolution
		Debug|Any CPU = Debug|Any CPU
		Release|Any CPU = Release|Any CPU
	EndGlobalSection
	GlobalSection(ProjectConfigurationPlatforms) = postSolution
		{C2905015-E132-429A-ACB8-972162C34B24}.Debug|Any CPU.ActiveCfg = Debug|Any CPU
		{C2905015-E132-429A-ACB8-972162C34B24}.Debug|Any CPU.Build.0 = Debug|Any CPU
		{C2905015-E132-429A-ACB8-972162C34B24}.Release|Any CPU.ActiveCfg = Release|Any CPU
		{C2905015-E132-429A-ACB8-972162C34B24}.Release|Any CPU.Build.0 = Release|Any CPU
	EndGlobalSection
	GlobalSection(SolutionProperties) = preSolution
		HideSolutionNode = FALSE
	EndGlobalSection
	GlobalSection(ExtensibilityGlobals) = postSolution
		SolutionGuid = {4E98F356-6B85-4ABF-95A4-9BE5890636C2}
	EndGlobalSection
EndGlobal
